
Microsoft Visual Studio Solution File, Format Version 12.00
# Visual Studio Version 16
VisualStudioVersion = 16.0.33214.272
MinimumVisualStudioVersion = 10.0.40219.1
Project("{FAE04EC0-301F-11D3-BF4B-00C04F79EFBC}") = "EmployeeCRUD_operatation_MvC", "EmployeeCRUD_operatation_MvC\EmployeeCRUD_operatation_MvC.csproj", "{26358C15-C051-4F69-A78E-F37A7EC33EDC}"
EndProject
Global
	GlobalSection(SolutionConfigurationPlatforms) = preSolution
		Debug|Any CPU = Debug|Any CPU
		Release|Any CPU = Release|Any CPU
	EndGlobalSection
	GlobalSection(ProjectConfigurationPlatforms) = postSolution
		{26358C15-C051-4F69-A78E-F37A7EC33EDC}.Debug|Any CPU.ActiveCfg = Debug|Any CPU
		{26358C15-C051-4F69-A78E-F37A7EC33EDC}.Debug|Any CPU.Build.0 = Debug|Any CPU
		{26358C15-C051-4F69-A78E-F37A7EC33EDC}.Release|Any CPU.ActiveCfg = Release|Any CPU
		{26358C15-C051-4F69-A78E-F37A7EC33EDC}.Release|Any CPU.Build.0 = Release|Any CPU
	EndGlobalSection
	GlobalSection(SolutionProperties) = preSolution
		HideSolutionNode = FALSE
	EndGlobalSection
	GlobalSection(ExtensibilityGlobals) = postSolution
		SolutionGuid = {784035E3-8460-4D76-90D8-BFF6AD256ECC}
	EndGlobalSection
EndGlobal
